
Microsoft Visual Studio Solution File, Format Version 12.00
# Visual Studio Version 16
VisualStudioVersion = 16.0.30523.141
MinimumVisualStudioVersion = 10.0.40219.1
Project("{9A19103F-16F7-4668-BE54-9A1E7A4F7556}") = "KutyaVerseny.Data", "KutyaVerseny.Data\KutyaVerseny.Data.csproj", "{0B12A2D4-09D2-4805-86E7-BE76717D8CCB}"
EndProject
Project("{9A19103F-16F7-4668-BE54-9A1E7A4F7556}") = "KutyaVerseny.Repository", "KutyaVerseny.Repository\KutyaVerseny.Repository.csproj", "{64469604-D102-4A88-B17F-1D6A7607C772}"
EndProject
Project("{9A19103F-16F7-4668-BE54-9A1E7A4F7556}") = "KutyaVerseny.Logic", "KutyaVerseny.Logic\KutyaVerseny.Logic.csproj", "{22F9233D-D90F-4C3D-BC22-E59146EB262F}"
EndProject
Project("{9A19103F-16F7-4668-BE54-9A1E7A4F7556}") = "KutyaVerseny.WpfApplication", "KutyaVerseny.WpfApplication\KutyaVerseny.WpfApplication.csproj", "{0139318F-8611-407B-AB44-1A359CC40D2F}"
	ProjectSection(ProjectDependencies) = postProject
		{64469604-D102-4A88-B17F-1D6A7607C772} = {64469604-D102-4A88-B17F-1D6A7607C772}
		{22F9233D-D90F-4C3D-BC22-E59146EB262F} = {22F9233D-D90F-4C3D-BC22-E59146EB262F}
		{0B12A2D4-09D2-4805-86E7-BE76717D8CCB} = {0B12A2D4-09D2-4805-86E7-BE76717D8CCB}
	EndProjectSection
EndProject
Project("{FAE04EC0-301F-11D3-BF4B-00C04F79EFBC}") = "KutyaVerseny.Web", "KutyaVerseny.Web\KutyaVerseny.Web.csproj", "{80445B93-7BAF-4E72-99C8-9DA8C1917F90}"
EndProject
Global
	GlobalSection(SolutionConfigurationPlatforms) = preSolution
		Debug|Any CPU = Debug|Any CPU
		Release|Any CPU = Release|Any CPU
	EndGlobalSection
	GlobalSection(ProjectConfigurationPlatforms) = postSolution
		{0B12A2D4-09D2-4805-86E7-BE76717D8CCB}.Debug|Any CPU.ActiveCfg = Debug|Any CPU
		{0B12A2D4-09D2-4805-86E7-BE76717D8CCB}.Debug|Any CPU.Build.0 = Debug|Any CPU
		{0B12A2D4-09D2-4805-86E7-BE76717D8CCB}.Release|Any CPU.ActiveCfg = Release|Any CPU
		{0B12A2D4-09D2-4805-86E7-BE76717D8CCB}.Release|Any CPU.Build.0 = Release|Any CPU
		{64469604-D102-4A88-B17F-1D6A7607C772}.Debug|Any CPU.ActiveCfg = Debug|Any CPU
		{64469604-D102-4A88-B17F-1D6A7607C772}.Debug|Any CPU.Build.0 = Debug|Any CPU
		{64469604-D102-4A88-B17F-1D6A7607C772}.Release|Any CPU.ActiveCfg = Release|Any CPU
		{64469604-D102-4A88-B17F-1D6A7607C772}.Release|Any CPU.Build.0 = Release|Any CPU
		{22F9233D-D90F-4C3D-BC22-E59146EB262F}.Debug|Any CPU.ActiveCfg = Debug|Any CPU
		{22F9233D-D90F-4C3D-BC22-E59146EB262F}.Debug|Any CPU.Build.0 = Debug|Any CPU
		{22F9233D-D90F-4C3D-BC22-E59146EB262F}.Release|Any CPU.ActiveCfg = Release|Any CPU
		{22F9233D-D90F-4C3D-BC22-E59146EB262F}.Release|Any CPU.Build.0 = Release|Any CPU
		{0139318F-8611-407B-AB44-1A359CC40D2F}.Debug|Any CPU.ActiveCfg = Debug|Any CPU
		{0139318F-8611-407B-AB44-1A359CC40D2F}.Debug|Any CPU.Build.0 = Debug|Any CPU
		{0139318F-8611-407B-AB44-1A359CC40D2F}.Release|Any CPU.ActiveCfg = Release|Any CPU
		{0139318F-8611-407B-AB44-1A359CC40D2F}.Release|Any CPU.Build.0 = Release|Any CPU
		{80445B93-7BAF-4E72-99C8-9DA8C1917F90}.Debug|Any CPU.ActiveCfg = Debug|Any CPU
		{80445B93-7BAF-4E72-99C8-9DA8C1917F90}.Debug|Any CPU.Build.0 = Debug|Any CPU
		{80445B93-7BAF-4E72-99C8-9DA8C1917F90}.Release|Any CPU.ActiveCfg = Release|Any CPU
		{80445B93-7BAF-4E72-99C8-9DA8C1917F90}.Release|Any CPU.Build.0 = Release|Any CPU
	EndGlobalSection
	GlobalSection(SolutionProperties) = preSolution
		HideSolutionNode = FALSE
	EndGlobalSection
	GlobalSection(ExtensibilityGlobals) = postSolution
		SolutionGuid = {05AFF337-C5A9-4B9E-ADBE-2AD3B20FB89B}
	EndGlobalSection
EndGlobal
